
Microsoft Visual Studio Solution File, Format Version 12.00
# Visual Studio Version 17
VisualStudioVersion = 17.9.34310.174
MinimumVisualStudioVersion = 10.0.40219.1
Project("{9A19103F-16F7-4668-BE54-9A1E7A4F7556}") = "ParsingSample", "ParsingSample\ParsingSample.csproj", "{98523991-54C7-41B8-B865-85302F04F917}"
EndProject
Project("{9A19103F-16F7-4668-BE54-9A1E7A4F7556}") = "ParsingSampleInitial", "ParsingSampleInitial\ParsingSampleInitial.csproj", "{D0B8863D-DC88-44CF-9701-ABC08C27A671}"
EndProject
Global
	GlobalSection(SolutionConfigurationPlatforms) = preSolution
		Debug|Any CPU = Debug|Any CPU
		Release|Any CPU = Release|Any CPU
	EndGlobalSection
	GlobalSection(ProjectConfigurationPlatforms) = postSolution
		{98523991-54C7-41B8-B865-85302F04F917}.Debug|Any CPU.ActiveCfg = Debug|Any CPU
		{98523991-54C7-41B8-B865-85302F04F917}.Debug|Any CPU.Build.0 = Debug|Any CPU
		{98523991-54C7-41B8-B865-85302F04F917}.Release|Any CPU.ActiveCfg = Release|Any CPU
		{98523991-54C7-41B8-B865-85302F04F917}.Release|Any CPU.Build.0 = Release|Any CPU
		{D0B8863D-DC88-44CF-9701-ABC08C27A671}.Debug|Any CPU.ActiveCfg = Debug|Any CPU
		{D0B8863D-DC88-44CF-9701-ABC08C27A671}.Debug|Any CPU.Build.0 = Debug|Any CPU
		{D0B8863D-DC88-44CF-9701-ABC08C27A671}.Release|Any CPU.ActiveCfg = Release|Any CPU
		{D0B8863D-DC88-44CF-9701-ABC08C27A671}.Release|Any CPU.Build.0 = Release|Any CPU
	EndGlobalSection
	GlobalSection(SolutionProperties) = preSolution
		HideSolutionNode = FALSE
	EndGlobalSection
	GlobalSection(ExtensibilityGlobals) = postSolution
		SolutionGuid = {EFEE8D4D-0632-45AB-B635-CBE4479CE274}
	EndGlobalSection
EndGlobal
